// !$*UTF8*$!
{
	archiveVersion = 1;
	classes = {
	};
	objectVersion = 50;
	objects = {

/* Begin PBXBuildFile section */
		3B0D74D92519FCA10035B866 /* AppDelegate.swift in Sources */ = {isa = PBXBuildFile; fileRef = 3B0D74D82519FCA10035B866 /* AppDelegate.swift */; };
		3B0D74DB2519FCA10035B866 /* SceneDelegate.swift in Sources */ = {isa = PBXBuildFile; fileRef = 3B0D74DA2519FCA10035B866 /* SceneDelegate.swift */; };
		3B0D74DD2519FCA10035B866 /* HomeViewController.swift in Sources */ = {isa = PBXBuildFile; fileRef = 3B0D74DC2519FCA10035B866 /* HomeViewController.swift */; };
		3B0D74E02519FCA10035B866 /* Main.storyboard in Resources */ = {isa = PBXBuildFile; fileRef = 3B0D74DE2519FCA10035B866 /* Main.storyboard */; };
		3B0D74E22519FCB90035B866 /* Assets.xcassets in Resources */ = {isa = PBXBuildFile; fileRef = 3B0D74E12519FCB90035B866 /* Assets.xcassets */; };
		3B0D74E52519FCB90035B866 /* LaunchScreen.storyboard in Resources */ = {isa = PBXBuildFile; fileRef = 3B0D74E32519FCB90035B866 /* LaunchScreen.storyboard */; };
		3B0D74F02519FCB90035B866 /* WaterReminderTests.swift in Sources */ = {isa = PBXBuildFile; fileRef = 3B0D74EF2519FCB90035B866 /* WaterReminderTests.swift */; };
		3B0D74FB2519FCB90035B866 /* WaterReminderUITests.swift in Sources */ = {isa = PBXBuildFile; fileRef = 3B0D74FA2519FCB90035B866 /* WaterReminderUITests.swift */; };
		3B1DE567251B123C00397093 /* HistoryViewController.swift in Sources */ = {isa = PBXBuildFile; fileRef = 3B1DE566251B123C00397093 /* HistoryViewController.swift */; };
		3B1DE569251B124E00397093 /* CalculationViewController.swift in Sources */ = {isa = PBXBuildFile; fileRef = 3B1DE568251B124E00397093 /* CalculationViewController.swift */; };
		3B1DE56B251B126700397093 /* RemainderViewController.swift in Sources */ = {isa = PBXBuildFile; fileRef = 3B1DE56A251B126700397093 /* RemainderViewController.swift */; };
		3B1DE56D251B197F00397093 /* RemainderTableViewCell.swift in Sources */ = {isa = PBXBuildFile; fileRef = 3B1DE56C251B197F00397093 /* RemainderTableViewCell.swift */; };
/* End PBXBuildFile section */

/* Begin PBXContainerItemProxy section */
		3B0D74EC2519FCB90035B866 /* PBXContainerItemProxy */ = {
			isa = PBXContainerItemProxy;
			containerPortal = 3B0D74CD2519FCA10035B866 /* Project object */;
			proxyType = 1;
			remoteGlobalIDString = 3B0D74D42519FCA10035B866;
			remoteInfo = WaterReminder;
		};
		3B0D74F72519FCB90035B866 /* PBXContainerItemProxy */ = {
			isa = PBXContainerItemProxy;
			containerPortal = 3B0D74CD2519FCA10035B866 /* Project object */;
			proxyType = 1;
			remoteGlobalIDString = 3B0D74D42519FCA10035B866;
			remoteInfo = WaterReminder;
		};
/* End PBXContainerItemProxy section */

/* Begin PBXFileReference section */
		3B0D74D52519FCA10035B866 /* WaterReminder.app */ = {isa = PBXFileReference; explicitFileType = wrapper.application; includeInIndex = 0; path = WaterReminder.app; sourceTree = BUILT_PRODUCTS_DIR; };
		3B0D74D82519FCA10035B866 /* AppDelegate.swift */ = {isa = PBXFileReference; lastKnownFileType = sourcecode.swift; path = AppDelegate.swift; sourceTree = "<group>"; };
		3B0D74DA2519FCA10035B866 /* SceneDelegate.swift */ = {isa = PBXFileReference; lastKnownFileType = sourcecode.swift; path = SceneDelegate.swift; sourceTree = "<group>"; };
		3B0D74DC2519FCA10035B866 /* HomeViewController.swift */ = {isa = PBXFileReference; lastKnownFileType = sourcecode.swift; path = HomeViewController.swift; sourceTree = "<group>"; };
		3B0D74DF2519FCA10035B866 /* Base */ = {isa = PBXFileReference; lastKnownFileType = file.storyboard; name = Base; path = Base.lproj/Main.storyboard; sourceTree = "<group>"; };
		3B0D74E12519FCB90035B866 /* Assets.xcassets */ = {isa = PBXFileReference; lastKnownFileType = folder.assetcatalog; path = Assets.xcassets; sourceTree = "<group>"; };
		3B0D74E42519FCB90035B866 /* Base */ = {isa = PBXFileReference; lastKnownFileType = file.storyboard; name = Base; path = Base.lproj/LaunchScreen.storyboard; sourceTree = "<group>"; };
		3B0D74E62519FCB90035B866 /* Info.plist */ = {isa = PBXFileReference; lastKnownFileType = text.plist.xml; path = Info.plist; sourceTree = "<group>"; };
		3B0D74EB2519FCB90035B866 /* WaterReminderTests.xctest */ = {isa = PBXFileReference; explicitFileType = wrapper.cfbundle; includeInIndex = 0; path = WaterReminderTests.xctest; sourceTree = BUILT_PRODUCTS_DIR; };
		3B0D74EF2519FCB90035B866 /* WaterReminderTests.swift */ = {isa = PBXFileReference; lastKnownFileType = sourcecode.swift; path = WaterReminderTests.swift; sourceTree = "<group>"; };
		3B0D74F12519FCB90035B866 /* Info.plist */ = {isa = PBXFileReference; lastKnownFileType = text.plist.xml; path = Info.plist; sourceTree = "<group>"; };
		3B0D74F62519FCB90035B866 /* WaterReminderUITests.xctest */ = {isa = PBXFileReference; explicitFileType = wrapper.cfbundle; includeInIndex = 0; path = WaterReminderUITests.xctest; sourceTree = BUILT_PRODUCTS_DIR; };
		3B0D74FA2519FCB90035B866 /* WaterReminderUITests.swift */ = {isa = PBXFileReference; lastKnownFileType = sourcecode.swift; path = WaterReminderUITests.swift; sourceTree = "<group>"; };
		3B0D74FC2519FCB90035B866 /* Info.plist */ = {isa = PBXFileReference; lastKnownFileType = text.plist.xml; path = Info.plist; sourceTree = "<group>"; };
		3B1DE566251B123C00397093 /* HistoryViewController.swift */ = {isa = PBXFileReference; lastKnownFileType = sourcecode.swift; path = HistoryViewController.swift; sourceTree = "<group>"; };
		3B1DE568251B124E00397093 /* CalculationViewController.swift */ = {isa = PBXFileReference; lastKnownFileType = sourcecode.swift; path = CalculationViewController.swift; sourceTree = "<group>"; };
		3B1DE56A251B126700397093 /* RemainderViewController.swift */ = {isa = PBXFileReference; lastKnownFileType = sourcecode.swift; path = RemainderViewController.swift; sourceTree = "<group>"; };
		3B1DE56C251B197F00397093 /* RemainderTableViewCell.swift */ = {isa = PBXFileReference; lastKnownFileType = sourcecode.swift; path = RemainderTableViewCell.swift; sourceTree = "<group>"; };
/* End PBXFileReference section */

/* Begin PBXFrameworksBuildPhase section */
		3B0D74D22519FCA10035B866 /* Frameworks */ = {
			isa = PBXFrameworksBuildPhase;
			buildActionMask = 2147483647;
			files = (
			);
			runOnlyForDeploymentPostprocessing = 0;
		};
		3B0D74E82519FCB90035B866 /* Frameworks */ = {
			isa = PBXFrameworksBuildPhase;
			buildActionMask = 2147483647;
			files = (
			);
			runOnlyForDeploymentPostprocessing = 0;
		};
		3B0D74F32519FCB90035B866 /* Frameworks */ = {
			isa = PBXFrameworksBuildPhase;
			buildActionMask = 2147483647;
			files = (
			);
			runOnlyForDeploymentPostprocessing = 0;
		};
/* End PBXFrameworksBuildPhase section */

/* Begin PBXGroup section */
		3B0D74CC2519FCA10035B866 = {
			isa = PBXGroup;
			children = (
				3B0D74D72519FCA10035B866 /* WaterReminder */,
				3B0D74EE2519FCB90035B866 /* WaterReminderTests */,
				3B0D74F92519FCB90035B866 /* WaterReminderUITests */,
				3B0D74D62519FCA10035B866 /* Products */,
			);
			sourceTree = "<group>";
		};
		3B0D74D62519FCA10035B866 /* Products */ = {
			isa = PBXGroup;
			children = (
				3B0D74D52519FCA10035B866 /* WaterReminder.app */,
				3B0D74EB2519FCB90035B866 /* WaterReminderTests.xctest */,
				3B0D74F62519FCB90035B866 /* WaterReminderUITests.xctest */,
			);
			name = Products;
			sourceTree = "<group>";
		};
		3B0D74D72519FCA10035B866 /* WaterReminder */ = {
			isa = PBXGroup;
			children = (
				3B0D74D82519FCA10035B866 /* AppDelegate.swift */,
				3B0D74DA2519FCA10035B866 /* SceneDelegate.swift */,
				3B0D74DC2519FCA10035B866 /* HomeViewController.swift */,
				3B1DE566251B123C00397093 /* HistoryViewController.swift */,
				3B1DE568251B124E00397093 /* CalculationViewController.swift */,
				3B1DE56A251B126700397093 /* RemainderViewController.swift */,
				3B1DE56C251B197F00397093 /* RemainderTableViewCell.swift */,
				3B0D74DE2519FCA10035B866 /* Main.storyboard */,
				3B0D74E12519FCB90035B866 /* Assets.xcassets */,
				3B0D74E32519FCB90035B866 /* LaunchScreen.storyboard */,
				3B0D74E62519FCB90035B866 /* Info.plist */,
			);
			path = WaterReminder;
			sourceTree = "<group>";
		};
		3B0D74EE2519FCB90035B866 /* WaterReminderTests */ = {
			isa = PBXGroup;
			children = (
				3B0D74EF2519FCB90035B866 /* WaterReminderTests.swift */,
				3B0D74F12519FCB90035B866 /* Info.plist */,
			);
			path = WaterReminderTests;
			sourceTree = "<group>";
		};
		3B0D74F92519FCB90035B866 /* WaterReminderUITests */ = {
			isa = PBXGroup;
			children = (
				3B0D74FA2519FCB90035B866 /* WaterReminderUITests.swift */,
				3B0D74FC2519FCB90035B866 /* Info.plist */,
			);
			path = WaterReminderUITests;
			sourceTree = "<group>";
		};
/* End PBXGroup section */

/* Begin PBXNativeTarget section */
		3B0D74D42519FCA10035B866 /* WaterReminder */ = {
			isa = PBXNativeTarget;
			buildConfigurationList = 3B0D74FF2519FCB90035B866 /* Build configuration list for PBXNativeTarget "WaterReminder" */;
			buildPhases = (
				3B0D74D12519FCA10035B866 /* Sources */,
				3B0D74D22519FCA10035B866 /* Frameworks */,
				3B0D74D32519FCA10035B866 /* Resources */,
			);
			buildRules = (
			);
			dependencies = (
			);
			name = WaterReminder;
			productName = WaterReminder;
			productReference = 3B0D74D52519FCA10035B866 /* WaterReminder.app */;
			productType = "com.apple.product-type.application";
		};
		3B0D74EA2519FCB90035B866 /* WaterReminderTests */ = {
			isa = PBXNativeTarget;
			buildConfigurationList = 3B0D75022519FCB90035B866 /* Build configuration list for PBXNativeTarget "WaterReminderTests" */;
			buildPhases = (
				3B0D74E72519FCB90035B866 /* Sources */,
				3B0D74E82519FCB90035B866 /* Frameworks */,
				3B0D74E92519FCB90035B866 /* Resources */,
			);
			buildRules = (
			);
			dependencies = (
				3B0D74ED2519FCB90035B866 /* PBXTargetDependency */,
			);
			name = WaterReminderTests;
			productName = WaterReminderTests;
			productReference = 3B0D74EB2519FCB90035B866 /* WaterReminderTests.xctest */;
			productType = "com.apple.product-type.bundle.unit-test";
		};
		3B0D74F52519FCB90035B866 /* WaterReminderUITests */ = {
			isa = PBXNativeTarget;
			buildConfigurationList = 3B0D75052519FCB90035B866 /* Build configuration list for PBXNativeTarget "WaterReminderUITests" */;
			buildPhases = (
				3B0D74F22519FCB90035B866 /* Sources */,
				3B0D74F32519FCB90035B866 /* Frameworks */,
				3B0D74F42519FCB90035B866 /* Resources */,
			);
			buildRules = (
			);
			dependencies = (
				3B0D74F82519FCB90035B866 /* PBXTargetDependency */,
			);
			name = WaterReminderUITests;
			productName = WaterReminderUITests;
			productReference = 3B0D74F62519FCB90035B866 /* WaterReminderUITests.xctest */;
			productType = "com.apple.product-type.bundle.ui-testing";
		};
/* End PBXNativeTarget section */

/* Begin PBXProject section */
		3B0D74CD2519FCA10035B866 /* Project object */ = {
			isa = PBXProject;
			attributes = {
				LastSwiftUpdateCheck = 1170;
				LastUpgradeCheck = 1170;
				ORGANIZATIONNAME = "Karthik Rajan T ";
				TargetAttributes = {
					3B0D74D42519FCA10035B866 = {
						CreatedOnToolsVersion = 11.7;
					};
					3B0D74EA2519FCB90035B866 = {
						CreatedOnToolsVersion = 11.7;
						TestTargetID = 3B0D74D42519FCA10035B866;
					};
					3B0D74F52519FCB90035B866 = {
						CreatedOnToolsVersion = 11.7;
						TestTargetID = 3B0D74D42519FCA10035B866;
					};
				};
			};
			buildConfigurationList = 3B0D74D02519FCA10035B866 /* Build configuration list for PBXProject "WaterReminder" */;
			compatibilityVersion = "Xcode 9.3";
			developmentRegion = en;
			hasScannedForEncodings = 0;
			knownRegions = (
				en,
				Base,
			);
			mainGroup = 3B0D74CC2519FCA10035B866;
			productRefGroup = 3B0D74D62519FCA10035B866 /* Products */;
			projectDirPath = "";
			projectRoot = "";
			targets = (
				3B0D74D42519FCA10035B866 /* WaterReminder */,
				3B0D74EA2519FCB90035B866 /* WaterReminderTests */,
				3B0D74F52519FCB90035B866 /* WaterReminderUITests */,
			);
		};
/* End PBXProject section */

/* Begin PBXResourcesBuildPhase section */
		3B0D74D32519FCA10035B866 /* Resources */ = {
			isa = PBXResourcesBuildPhase;
			buildActionMask = 2147483647;
			files = (
				3B0D74E52519FCB90035B866 /* LaunchScreen.storyboard in Resources */,
				3B0D74E22519FCB90035B866 /* Assets.xcassets in Resources */,
				3B0D74E02519FCA10035B866 /* Main.storyboard in Resources */,
			);
			runOnlyForDeploymentPostprocessing = 0;
		};
		3B0D74E92519FCB90035B866 /* Resources */ = {
			isa = PBXResourcesBuildPhase;
			buildActionMask = 2147483647;
			files = (
			);
			runOnlyForDeploymentPostprocessing = 0;
		};
		3B0D74F42519FCB90035B866 /* Resources */ = {
			isa = PBXResourcesBuildPhase;
			buildActionMask = 2147483647;
			files = (
			);
			runOnlyForDeploymentPostprocessing = 0;
		};
/* End PBXResourcesBuildPhase section */

/* Begin PBXSourcesBuildPhase section */
		3B0D74D12519FCA10035B866 /* Sources */ = {
			isa = PBXSourcesBuildPhase;
			buildActionMask = 2147483647;
			files = (
				3B0D74DD2519FCA10035B866 /* HomeViewController.swift in Sources */,
				3B1DE569251B124E00397093 /* CalculationViewController.swift in Sources */,
				3B0D74D92519FCA10035B866 /* AppDelegate.swift in Sources */,
				3B0D74DB2519FCA10035B866 /* SceneDelegate.swift in Sources */,
				3B1DE56B251B126700397093 /* RemainderViewController.swift in Sources */,
				3B1DE567251B123C00397093 /* HistoryViewController.swift in Sources */,
				3B1DE56D251B197F00397093 /* RemainderTableViewCell.swift in Sources */,
			);
			runOnlyForDeploymentPostprocessing = 0;
		};
		3B0D74E72519FCB90035B866 /* Sources */ = {
			isa = PBXSourcesBuildPhase;
			buildActionMask = 2147483647;
			files = (
				3B0D74F02519FCB90035B866 /* WaterReminderTests.swift in Sources */,
			);
			runOnlyForDeploymentPostprocessing = 0;
		};
		3B0D74F22519FCB90035B866 /* Sources */ = {
			isa = PBXSourcesBuildPhase;
			buildActionMask = 2147483647;
			files = (
				3B0D74FB2519FCB90035B866 /* WaterReminderUITests.swift in Sources */,
			);
			runOnlyForDeploymentPostprocessing = 0;
		};
/* End PBXSourcesBuildPhase section */

/* Begin PBXTargetDependency section */
		3B0D74ED2519FCB90035B866 /* PBXTargetDependency */ = {
			isa = PBXTargetDependency;
			target = 3B0D74D42519FCA10035B866 /* WaterReminder */;
			targetProxy = 3B0D74EC2519FCB90035B866 /* PBXContainerItemProxy */;
		};
		3B0D74F82519FCB90035B866 /* PBXTargetDependency */ = {
			isa = PBXTargetDependency;
			target = 3B0D74D42519FCA10035B866 /* WaterReminder */;
			targetProxy = 3B0D74F72519FCB90035B866 /* PBXContainerItemProxy */;
		};
/* End PBXTargetDependency section */

/* Begin PBXVariantGroup section */
		3B0D74DE2519FCA10035B866 /* Main.storyboard */ = {
			isa = PBXVariantGroup;
			children = (
				3B0D74DF2519FCA10035B866 /* Base */,
			);
			name = Main.storyboard;
			sourceTree = "<group>";
		};
		3B0D74E32519FCB90035B866 /* LaunchScreen.storyboard */ = {
			isa = PBXVariantGroup;
			children = (
				3B0D74E42519FCB90035B866 /* Base */,
			);
			name = LaunchScreen.storyboard;
			sourceTree = "<group>";
		};
/* End PBXVariantGroup section */

/* Begin XCBuildConfiguration section */
		3B0D74FD2519FCB90035B866 /* Debug */ = {
			isa = XCBuildConfiguration;
			buildSettings = {
				ALWAYS_SEARCH_USER_PATHS = NO;
				CLANG_ANALYZER_NONNULL = YES;
				CLANG_ANALYZER_NUMBER_OBJECT_CONVERSION = YES_AGGRESSIVE;
				CLANG_CXX_LANGUAGE_STANDARD = "gnu++14";
				CLANG_CXX_LIBRARY = "libc++";
				CLANG_ENABLE_MODULES = YES;
				CLANG_ENABLE_OBJC_ARC = YES;
				CLANG_ENABLE_OBJC_WEAK = YES;
				CLANG_WARN_BLOCK_CAPTURE_AUTORELEASING = YES;
				CLANG_WARN_BOOL_CONVERSION = YES;
				CLANG_WARN_COMMA = YES;
				CLANG_WARN_CONSTANT_CONVERSION = YES;
				CLANG_WARN_DEPRECATED_OBJC_IMPLEMENTATIONS = YES;
				CLANG_WARN_DIRECT_OBJC_ISA_USAGE = YES_ERROR;
				CLANG_WARN_DOCUMENTATION_COMMENTS = YES;
				CLANG_WARN_EMPTY_BODY = YES;
				CLANG_WARN_ENUM_CONVERSION = YES;
				CLANG_WARN_INFINITE_RECURSION = YES;
				CLANG_WARN_INT_CONVERSION = YES;
				CLANG_WARN_NON_LITERAL_NULL_CONVERSION = YES;
				CLANG_WARN_OBJC_IMPLICIT_RETAIN_SELF = YES;
				CLANG_WARN_OBJC_LITERAL_CONVERSION = YES;
				CLANG_WARN_OBJC_ROOT_CLASS = YES_ERROR;
				CLANG_WARN_RANGE_LOOP_ANALYSIS = YES;
				CLANG_WARN_STRICT_PROTOTYPES = YES;
				CLANG_WARN_SUSPICIOUS_MOVE = YES;
				CLANG_WARN_UNGUARDED_AVAILABILITY = YES_AGGRESSIVE;
				CLANG_WARN_UNREACHABLE_CODE = YES;
				CLANG_WARN__DUPLICATE_METHOD_MATCH = YES;
				COPY_PHASE_STRIP = NO;
				DEBUG_INFORMATION_FORMAT = dwarf;
				ENABLE_STRICT_OBJC_MSGSEND = YES;
				ENABLE_TESTABILITY = YES;
				GCC_C_LANGUAGE_STANDARD = gnu11;
				GCC_DYNAMIC_NO_PIC = NO;
				GCC_NO_COMMON_BLOCKS = YES;
				GCC_OPTIMIZATION_LEVEL = 0;
				GCC_PREPROCESSOR_DEFINITIONS = (
					"DEBUG=1",
					"$(inherited)",
				);
				GCC_WARN_64_TO_32_BIT_CONVERSION = YES;
				GCC_WARN_ABOUT_RETURN_TYPE = YES_ERROR;
				GCC_WARN_UNDECLARED_SELECTOR = YES;
				GCC_WARN_UNINITIALIZED_AUTOS = YES_AGGRESSIVE;
				GCC_WARN_UNUSED_FUNCTION = YES;
				GCC_WARN_UNUSED_VARIABLE = YES;
				IPHONEOS_DEPLOYMENT_TARGET = 13.7;
				MTL_ENABLE_DEBUG_INFO = INCLUDE_SOURCE;
				MTL_FAST_MATH = YES;
				ONLY_ACTIVE_ARCH = YES;
				SDKROOT = iphoneos;
				SWIFT_ACTIVE_COMPILATION_CONDITIONS = DEBUG;
				SWIFT_OPTIMIZATION_LEVEL = "-Onone";
			};
			name = Debug;
		};
		3B0D74FE2519FCB90035B866 /* Release */ = {
			isa = XCBuildConfiguration;
			buildSettings = {
				ALWAYS_SEARCH_USER_PATHS = NO;
				CLANG_ANALYZER_NONNULL = YES;
				CLANG_ANALYZER_NUMBER_OBJECT_CONVERSION = YES_AGGRESSIVE;
				CLANG_CXX_LANGUAGE_STANDARD = "gnu++14";
				CLANG_CXX_LIBRARY = "libc++";
				CLANG_ENABLE_MODULES = YES;
				CLANG_ENABLE_OBJC_ARC = YES;
				CLANG_ENABLE_OBJC_WEAK = YES;
				CLANG_WARN_BLOCK_CAPTURE_AUTORELEASING = YES;
				CLANG_WARN_BOOL_CONVERSION = YES;
				CLANG_WARN_COMMA = YES;
				CLANG_WARN_CONSTANT_CONVERSION = YES;
				CLANG_WARN_DEPRECATED_OBJC_IMPLEMENTATIONS = YES;
				CLANG_WARN_DIRECT_OBJC_ISA_USAGE = YES_ERROR;
				CLANG_WARN_DOCUMENTATION_COMMENTS = YES;
				CLANG_WARN_EMPTY_BODY = YES;
				CLANG_WARN_ENUM_CONVERSION = YES;
				CLANG_WARN_INFINITE_RECURSION = YES;
				CLANG_WARN_INT_CONVERSION = YES;
				CLANG_WARN_NON_LITERAL_NULL_CONVERSION = YES;
				CLANG_WARN_OBJC_IMPLICIT_RETAIN_SELF = YES;
				CLANG_WARN_OBJC_LITERAL_CONVERSION = YES;
				CLANG_WARN_OBJC_ROOT_CLASS = YES_ERROR;
				CLANG_WARN_RANGE_LOOP_ANALYSIS = YES;
				CLANG_WARN_STRICT_PROTOTYPES = YES;
				CLANG_WARN_SUSPICIOUS_MOVE = YES;
				CLANG_WARN_UNGUARDED_AVAILABILITY = YES_AGGRESSIVE;
				CLANG_WARN_UNREACHABLE_CODE = YES;
				CLANG_WARN__DUPLICATE_METHOD_MATCH = YES;
				COPY_PHASE_STRIP = NO;
				DEBUG_INFORMATION_FORMAT = "dwarf-with-dsym";
				ENABLE_NS_ASSERTIONS = NO;
				ENABLE_STRICT_OBJC_MSGSEND = YES;
				GCC_C_LANGUAGE_STANDARD = gnu11;
				GCC_NO_COMMON_BLOCKS = YES;
				GCC_WARN_64_TO_32_BIT_CONVERSION = YES;
				GCC_WARN_ABOUT_RETURN_TYPE = YES_ERROR;
				GCC_WARN_UNDECLARED_SELECTOR = YES;
				GCC_WARN_UNINITIALIZED_AUTOS = YES_AGGRESSIVE;
				GCC_WARN_UNUSED_FUNCTION = YES;
				GCC_WARN_UNUSED_VARIABLE = YES;
				IPHONEOS_DEPLOYMENT_TARGET = 13.7;
				MTL_ENABLE_DEBUG_INFO = NO;
				MTL_FAST_MATH = YES;
				SDKROOT = iphoneos;
				SWIFT_COMPILATION_MODE = wholemodule;
				SWIFT_OPTIMIZATION_LEVEL = "-O";
				VALIDATE_PRODUCT = YES;
			};
			name = Release;
		};
		3B0D75002519FCB90035B866 /* Debug */ = {
			isa = XCBuildConfiguration;
			buildSettings = {
				ASSETCATALOG_COMPILER_APPICON_NAME = AppIcon;
				CODE_SIGN_STYLE = Automatic;
				INFOPLIST_FILE = WaterReminder/Info.plist;
				LD_RUNPATH_SEARCH_PATHS = (
					"$(inherited)",
					"@executable_path/Frameworks",
				);
				PRODUCT_BUNDLE_IDENTIFIER = com.sparkout.WaterReminder;
				PRODUCT_NAME = "$(TARGET_NAME)";
				SWIFT_VERSION = 5.0;
				TARGETED_DEVICE_FAMILY = "1,2";
			};
			name = Debug;
		};
		3B0D75012519FCB90035B866 /* Release */ = {
			isa = XCBuildConfiguration;
			buildSettings = {
				ASSETCATALOG_COMPILER_APPICON_NAME = AppIcon;
				CODE_SIGN_STYLE = Automatic;
				INFOPLIST_FILE = WaterReminder/Info.plist;
				LD_RUNPATH_SEARCH_PATHS = (
					"$(inherited)",
					"@executable_path/Frameworks",
				);
				PRODUCT_BUNDLE_IDENTIFIER = com.sparkout.WaterReminder;
				PRODUCT_NAME = "$(TARGET_NAME)";
				SWIFT_VERSION = 5.0;
				TARGETED_DEVICE_FAMILY = "1,2";
			};
			name = Release;
		};
		3B0D75032519FCB90035B866 /* Debug */ = {
			isa = XCBuildConfiguration;
			buildSettings = {
				ALWAYS_EMBED_SWIFT_STANDARD_LIBRARIES = YES;
				BUNDLE_LOADER = "$(TEST_HOST)";
				CODE_SIGN_STYLE = Automatic;
				INFOPLIST_FILE = WaterReminderTests/Info.plist;
				IPHONEOS_DEPLOYMENT_TARGET = 13.7;
				LD_RUNPATH_SEARCH_PATHS = (
					"$(inherited)",
					"@executable_path/Frameworks",
					"@loader_path/Frameworks",
				);
				PRODUCT_BUNDLE_IDENTIFIER = com.sparkout.WaterReminderTests;
				PRODUCT_NAME = "$(TARGET_NAME)";
				SWIFT_VERSION = 5.0;
				TARGETED_DEVICE_FAMILY = "1,2";
				TEST_HOST = "$(BUILT_PRODUCTS_DIR)/WaterReminder.app/WaterReminder";
			};
			name = Debug;
		};
		3B0D75042519FCB90035B866 /* Release */ = {
			isa = XCBuildConfiguration;
			buildSettings = {
				ALWAYS_EMBED_SWIFT_STANDARD_LIBRARIES = YES;
				BUNDLE_LOADER = "$(TEST_HOST)";
				CODE_SIGN_STYLE = Automatic;
				INFOPLIST_FILE = WaterReminderTests/Info.plist;
				IPHONEOS_DEPLOYMENT_TARGET = 13.7;
				LD_RUNPATH_SEARCH_PATHS = (
					"$(inherited)",
					"@executable_path/Frameworks",
					"@loader_path/Frameworks",
				);
				PRODUCT_BUNDLE_IDENTIFIER = com.sparkout.WaterReminderTests;
				PRODUCT_NAME = "$(TARGET_NAME)";
				SWIFT_VERSION = 5.0;
				TARGETED_DEVICE_FAMILY = "1,2";
				TEST_HOST = "$(BUILT_PRODUCTS_DIR)/WaterReminder.app/WaterReminder";
			};
			name = Release;
		};
		3B0D75062519FCB90035B866 /* Debug */ = {
			isa = XCBuildConfiguration;
			buildSettings = {
				ALWAYS_EMBED_SWIFT_STANDARD_LIBRARIES = YES;
				CODE_SIGN_STYLE = Automatic;
				INFOPLIST_FILE = WaterReminderUITests/Info.plist;
				LD_RUNPATH_SEARCH_PATHS = (
					"$(inherited)",
					"@executable_path/Frameworks",
					"@loader_path/Frameworks",
				);
				PRODUCT_BUNDLE_IDENTIFIER = com.sparkout.WaterReminderUITests;
				PRODUCT_NAME = "$(TARGET_NAME)";
				SWIFT_VERSION = 5.0;
				TARGETED_DEVICE_FAMILY = "1,2";
				TEST_TARGET_NAME = WaterReminder;
			};
			name = Debug;
		};
		3B0D75072519FCB90035B866 /* Release */ = {
			isa = XCBuildConfiguration;
			buildSettings = {
				ALWAYS_EMBED_SWIFT_STANDARD_LIBRARIES = YES;
				CODE_SIGN_STYLE = Automatic;
				INFOPLIST_FILE = WaterReminderUITests/Info.plist;
				LD_RUNPATH_SEARCH_PATHS = (
					"$(inherited)",
					"@executable_path/Frameworks",
					"@loader_path/Frameworks",
				);
				PRODUCT_BUNDLE_IDENTIFIER = com.sparkout.WaterReminderUITests;
				PRODUCT_NAME = "$(TARGET_NAME)";
				SWIFT_VERSION = 5.0;
				TARGETED_DEVICE_FAMILY = "1,2";
				TEST_TARGET_NAME = WaterReminder;
			};
			name = Release;
		};
/* End XCBuildConfiguration section */

/* Begin XCConfigurationList section */
		3B0D74D02519FCA10035B866 /* Build configuration list for PBXProject "WaterReminder" */ = {
			isa = XCConfigurationList;
			buildConfigurations = (
				3B0D74FD2519FCB90035B866 /* Debug */,
				3B0D74FE2519FCB90035B866 /* Release */,
			);
			defaultConfigurationIsVisible = 0;
			defaultConfigurationName = Release;
		};
		3B0D74FF2519FCB90035B866 /* Build configuration list for PBXNativeTarget "WaterReminder" */ = {
			isa = XCConfigurationList;
			buildConfigurations = (
				3B0D75002519FCB90035B866 /* Debug */,
				3B0D75012519FCB90035B866 /* Release */,
			);
			defaultConfigurationIsVisible = 0;
			defaultConfigurationName = Release;
		};
		3B0D75022519FCB90035B866 /* Build configuration list for PBXNativeTarget "WaterReminderTests" */ = {
			isa = XCConfigurationList;
			buildConfigurations = (
				3B0D75032519FCB90035B866 /* Debug */,
				3B0D75042519FCB90035B866 /* Release */,
			);
			defaultConfigurationIsVisible = 0;
			defaultConfigurationName = Release;
		};
		3B0D75052519FCB90035B866 /* Build configuration list for PBXNativeTarget "WaterReminderUITests" */ = {
			isa = XCConfigurationList;
			buildConfigurations = (
				3B0D75062519FCB90035B866 /* Debug */,
				3B0D75072519FCB90035B866 /* Release */,
			);
			defaultConfigurationIsVisible = 0;
			defaultConfigurationName = Release;
		};
/* End XCConfigurationList section */
	};
	rootObject = 3B0D74CD2519FCA10035B866 /* Project object */;
}
